
Microsoft Visual Studio Solution File, Format Version 12.00
# Visual Studio 15
VisualStudioVersion = 15.0.26730.12
MinimumVisualStudioVersion = 10.0.40219.1
Project("{FAE04EC0-301F-11D3-BF4B-00C04F79EFBC}") = "IoC.Web", "Ioc.Web\IoC.Web.csproj", "{CBD76908-4F8C-4A3D-850B-1C5AF9695290}"
EndProject
Project("{FAE04EC0-301F-11D3-BF4B-00C04F79EFBC}") = "IoC", "IoC\IoC.csproj", "{DE21296E-068D-42E0-9346-67ABBD3339A0}"
EndProject
Project("{FAE04EC0-301F-11D3-BF4B-00C04F79EFBC}") = "IoC.Test", "IoC.Test\IoC.Test.csproj", "{2E3DF5C2-8A38-4A03-86D7-8D463C917E47}"
EndProject
Project("{FAE04EC0-301F-11D3-BF4B-00C04F79EFBC}") = "IoC.Web.Test", "IoC.Web.Test\IoC.Web.Test.csproj", "{B099FE37-F919-483C-8A60-59B0D72C4D72}"
EndProject
Global
	GlobalSection(SolutionConfigurationPlatforms) = preSolution
		Debug|Any CPU = Debug|Any CPU
		Release|Any CPU = Release|Any CPU
	EndGlobalSection
	GlobalSection(ProjectConfigurationPlatforms) = postSolution
		{CBD76908-4F8C-4A3D-850B-1C5AF9695290}.Debug|Any CPU.ActiveCfg = Debug|Any CPU
		{CBD76908-4F8C-4A3D-850B-1C5AF9695290}.Debug|Any CPU.Build.0 = Debug|Any CPU
		{CBD76908-4F8C-4A3D-850B-1C5AF9695290}.Release|Any CPU.ActiveCfg = Release|Any CPU
		{CBD76908-4F8C-4A3D-850B-1C5AF9695290}.Release|Any CPU.Build.0 = Release|Any CPU
		{DE21296E-068D-42E0-9346-67ABBD3339A0}.Debug|Any CPU.ActiveCfg = Debug|Any CPU
		{DE21296E-068D-42E0-9346-67ABBD3339A0}.Debug|Any CPU.Build.0 = Debug|Any CPU
		{DE21296E-068D-42E0-9346-67ABBD3339A0}.Release|Any CPU.ActiveCfg = Release|Any CPU
		{DE21296E-068D-42E0-9346-67ABBD3339A0}.Release|Any CPU.Build.0 = Release|Any CPU
		{2E3DF5C2-8A38-4A03-86D7-8D463C917E47}.Debug|Any CPU.ActiveCfg = Debug|Any CPU
		{2E3DF5C2-8A38-4A03-86D7-8D463C917E47}.Debug|Any CPU.Build.0 = Debug|Any CPU
		{2E3DF5C2-8A38-4A03-86D7-8D463C917E47}.Release|Any CPU.ActiveCfg = Release|Any CPU
		{2E3DF5C2-8A38-4A03-86D7-8D463C917E47}.Release|Any CPU.Build.0 = Release|Any CPU
		{B099FE37-F919-483C-8A60-59B0D72C4D72}.Debug|Any CPU.ActiveCfg = Debug|Any CPU
		{B099FE37-F919-483C-8A60-59B0D72C4D72}.Debug|Any CPU.Build.0 = Debug|Any CPU
		{B099FE37-F919-483C-8A60-59B0D72C4D72}.Release|Any CPU.ActiveCfg = Release|Any CPU
		{B099FE37-F919-483C-8A60-59B0D72C4D72}.Release|Any CPU.Build.0 = Release|Any CPU
	EndGlobalSection
	GlobalSection(SolutionProperties) = preSolution
		HideSolutionNode = FALSE
	EndGlobalSection
	GlobalSection(ExtensibilityGlobals) = postSolution
		SolutionGuid = {F6640D30-7C70-4119-99FA-511AA6410524}
	EndGlobalSection
EndGlobal
